
Microsoft Visual Studio Solution File, Format Version 12.00
# Visual Studio Version 16
VisualStudioVersion = 16.0.28803.156
MinimumVisualStudioVersion = 10.0.40219.1
Project("{FAE04EC0-301F-11D3-BF4B-00C04F79EFBC}") = "CoinCool.Android", "CoinCool\CoinCool.Android\CoinCool.Android.csproj", "{E9DA050D-8545-4CEE-BF9B-5DF738D66FB9}"
EndProject
Project("{FAE04EC0-301F-11D3-BF4B-00C04F79EFBC}") = "CoinCool.iOS", "CoinCool\CoinCool.iOS\CoinCool.iOS.csproj", "{6D033897-1ED9-4437-BBEC-0857FB27B70B}"
EndProject
Project("{9A19103F-16F7-4668-BE54-9A1E7A4F7556}") = "CoinCool", "CoinCool\CoinCool\CoinCool.csproj", "{B972515D-C575-430E-96DA-924AE684314B}"
EndProject
Project("{FAE04EC0-301F-11D3-BF4B-00C04F79EFBC}") = "coincoolproto", "coincoolproto\coincoolproto.csproj", "{FF13B071-743D-4244-A7B2-62CA3FCC5945}"
EndProject
Project("{2150E333-8FDC-42A3-9474-1A3956D46DE8}") = "proto", "proto", "{A329AB76-FC94-4258-A376-3BD8F8D5B83C}"
	ProjectSection(SolutionItems) = preProject
		proto\check.sh = proto\check.sh
		proto\coincool.proto = proto\coincool.proto
		proto\misc.proto = proto\misc.proto
	EndProjectSection
EndProject
Global
	GlobalSection(SolutionConfigurationPlatforms) = preSolution
		Debug|Any CPU = Debug|Any CPU
		Debug|iPhone = Debug|iPhone
		Debug|iPhoneSimulator = Debug|iPhoneSimulator
		Release|Any CPU = Release|Any CPU
		Release|iPhone = Release|iPhone
		Release|iPhoneSimulator = Release|iPhoneSimulator
	EndGlobalSection
	GlobalSection(ProjectConfigurationPlatforms) = postSolution
		{E9DA050D-8545-4CEE-BF9B-5DF738D66FB9}.Debug|Any CPU.ActiveCfg = Debug|Any CPU
		{E9DA050D-8545-4CEE-BF9B-5DF738D66FB9}.Debug|Any CPU.Build.0 = Debug|Any CPU
		{E9DA050D-8545-4CEE-BF9B-5DF738D66FB9}.Debug|Any CPU.Deploy.0 = Debug|Any CPU
		{E9DA050D-8545-4CEE-BF9B-5DF738D66FB9}.Debug|iPhone.ActiveCfg = Debug|Any CPU
		{E9DA050D-8545-4CEE-BF9B-5DF738D66FB9}.Debug|iPhone.Build.0 = Debug|Any CPU
		{E9DA050D-8545-4CEE-BF9B-5DF738D66FB9}.Debug|iPhone.Deploy.0 = Debug|Any CPU
		{E9DA050D-8545-4CEE-BF9B-5DF738D66FB9}.Debug|iPhoneSimulator.ActiveCfg = Debug|Any CPU
		{E9DA050D-8545-4CEE-BF9B-5DF738D66FB9}.Debug|iPhoneSimulator.Build.0 = Debug|Any CPU
		{E9DA050D-8545-4CEE-BF9B-5DF738D66FB9}.Debug|iPhoneSimulator.Deploy.0 = Debug|Any CPU
		{E9DA050D-8545-4CEE-BF9B-5DF738D66FB9}.Release|Any CPU.ActiveCfg = Release|Any CPU
		{E9DA050D-8545-4CEE-BF9B-5DF738D66FB9}.Release|Any CPU.Build.0 = Release|Any CPU
		{E9DA050D-8545-4CEE-BF9B-5DF738D66FB9}.Release|Any CPU.Deploy.0 = Release|Any CPU
		{E9DA050D-8545-4CEE-BF9B-5DF738D66FB9}.Release|iPhone.ActiveCfg = Release|Any CPU
		{E9DA050D-8545-4CEE-BF9B-5DF738D66FB9}.Release|iPhone.Build.0 = Release|Any CPU
		{E9DA050D-8545-4CEE-BF9B-5DF738D66FB9}.Release|iPhone.Deploy.0 = Release|Any CPU
		{E9DA050D-8545-4CEE-BF9B-5DF738D66FB9}.Release|iPhoneSimulator.ActiveCfg = Release|Any CPU
		{E9DA050D-8545-4CEE-BF9B-5DF738D66FB9}.Release|iPhoneSimulator.Build.0 = Release|Any CPU
		{E9DA050D-8545-4CEE-BF9B-5DF738D66FB9}.Release|iPhoneSimulator.Deploy.0 = Release|Any CPU
		{6D033897-1ED9-4437-BBEC-0857FB27B70B}.Debug|Any CPU.ActiveCfg = Debug|iPhoneSimulator
		{6D033897-1ED9-4437-BBEC-0857FB27B70B}.Debug|Any CPU.Build.0 = Debug|iPhoneSimulator
		{6D033897-1ED9-4437-BBEC-0857FB27B70B}.Debug|Any CPU.Deploy.0 = Debug|iPhoneSimulator
		{6D033897-1ED9-4437-BBEC-0857FB27B70B}.Debug|iPhone.ActiveCfg = Debug|iPhone
		{6D033897-1ED9-4437-BBEC-0857FB27B70B}.Debug|iPhone.Build.0 = Debug|iPhone
		{6D033897-1ED9-4437-BBEC-0857FB27B70B}.Debug|iPhone.Deploy.0 = Debug|iPhone
		{6D033897-1ED9-4437-BBEC-0857FB27B70B}.Debug|iPhoneSimulator.ActiveCfg = Debug|iPhoneSimulator
		{6D033897-1ED9-4437-BBEC-0857FB27B70B}.Debug|iPhoneSimulator.Build.0 = Debug|iPhoneSimulator
		{6D033897-1ED9-4437-BBEC-0857FB27B70B}.Debug|iPhoneSimulator.Deploy.0 = Debug|iPhoneSimulator
		{6D033897-1ED9-4437-BBEC-0857FB27B70B}.Release|Any CPU.ActiveCfg = Release|iPhone
		{6D033897-1ED9-4437-BBEC-0857FB27B70B}.Release|Any CPU.Build.0 = Release|iPhone
		{6D033897-1ED9-4437-BBEC-0857FB27B70B}.Release|Any CPU.Deploy.0 = Release|iPhone
		{6D033897-1ED9-4437-BBEC-0857FB27B70B}.Release|iPhone.ActiveCfg = Release|iPhone
		{6D033897-1ED9-4437-BBEC-0857FB27B70B}.Release|iPhone.Build.0 = Release|iPhone
		{6D033897-1ED9-4437-BBEC-0857FB27B70B}.Release|iPhone.Deploy.0 = Release|iPhone
		{6D033897-1ED9-4437-BBEC-0857FB27B70B}.Release|iPhoneSimulator.ActiveCfg = Release|iPhoneSimulator
		{6D033897-1ED9-4437-BBEC-0857FB27B70B}.Release|iPhoneSimulator.Build.0 = Release|iPhoneSimulator
		{6D033897-1ED9-4437-BBEC-0857FB27B70B}.Release|iPhoneSimulator.Deploy.0 = Release|iPhoneSimulator
		{B972515D-C575-430E-96DA-924AE684314B}.Debug|Any CPU.ActiveCfg = Debug|Any CPU
		{B972515D-C575-430E-96DA-924AE684314B}.Debug|Any CPU.Build.0 = Debug|Any CPU
		{B972515D-C575-430E-96DA-924AE684314B}.Debug|Any CPU.Deploy.0 = Debug|Any CPU
		{B972515D-C575-430E-96DA-924AE684314B}.Debug|iPhone.ActiveCfg = Debug|Any CPU
		{B972515D-C575-430E-96DA-924AE684314B}.Debug|iPhone.Build.0 = Debug|Any CPU
		{B972515D-C575-430E-96DA-924AE684314B}.Debug|iPhone.Deploy.0 = Debug|Any CPU
		{B972515D-C575-430E-96DA-924AE684314B}.Debug|iPhoneSimulator.ActiveCfg = Debug|Any CPU
		{B972515D-C575-430E-96DA-924AE684314B}.Debug|iPhoneSimulator.Build.0 = Debug|Any CPU
		{B972515D-C575-430E-96DA-924AE684314B}.Debug|iPhoneSimulator.Deploy.0 = Debug|Any CPU
		{B972515D-C575-430E-96DA-924AE684314B}.Release|Any CPU.ActiveCfg = Release|Any CPU
		{B972515D-C575-430E-96DA-924AE684314B}.Release|Any CPU.Build.0 = Release|Any CPU
		{B972515D-C575-430E-96DA-924AE684314B}.Release|Any CPU.Deploy.0 = Release|Any CPU
		{B972515D-C575-430E-96DA-924AE684314B}.Release|iPhone.ActiveCfg = Release|Any CPU
		{B972515D-C575-430E-96DA-924AE684314B}.Release|iPhone.Build.0 = Release|Any CPU
		{B972515D-C575-430E-96DA-924AE684314B}.Release|iPhone.Deploy.0 = Release|Any CPU
		{B972515D-C575-430E-96DA-924AE684314B}.Release|iPhoneSimulator.ActiveCfg = Release|Any CPU
		{B972515D-C575-430E-96DA-924AE684314B}.Release|iPhoneSimulator.Build.0 = Release|Any CPU
		{B972515D-C575-430E-96DA-924AE684314B}.Release|iPhoneSimulator.Deploy.0 = Release|Any CPU
		{FF13B071-743D-4244-A7B2-62CA3FCC5945}.Debug|Any CPU.ActiveCfg = Debug|Any CPU
		{FF13B071-743D-4244-A7B2-62CA3FCC5945}.Debug|Any CPU.Build.0 = Debug|Any CPU
		{FF13B071-743D-4244-A7B2-62CA3FCC5945}.Debug|iPhone.ActiveCfg = Debug|Any CPU
		{FF13B071-743D-4244-A7B2-62CA3FCC5945}.Debug|iPhone.Build.0 = Debug|Any CPU
		{FF13B071-743D-4244-A7B2-62CA3FCC5945}.Debug|iPhoneSimulator.ActiveCfg = Debug|Any CPU
		{FF13B071-743D-4244-A7B2-62CA3FCC5945}.Debug|iPhoneSimulator.Build.0 = Debug|Any CPU
		{FF13B071-743D-4244-A7B2-62CA3FCC5945}.Release|Any CPU.ActiveCfg = Release|Any CPU
		{FF13B071-743D-4244-A7B2-62CA3FCC5945}.Release|Any CPU.Build.0 = Release|Any CPU
		{FF13B071-743D-4244-A7B2-62CA3FCC5945}.Release|iPhone.ActiveCfg = Release|Any CPU
		{FF13B071-743D-4244-A7B2-62CA3FCC5945}.Release|iPhone.Build.0 = Release|Any CPU
		{FF13B071-743D-4244-A7B2-62CA3FCC5945}.Release|iPhoneSimulator.ActiveCfg = Release|Any CPU
		{FF13B071-743D-4244-A7B2-62CA3FCC5945}.Release|iPhoneSimulator.Build.0 = Release|Any CPU
	EndGlobalSection
	GlobalSection(SolutionProperties) = preSolution
		HideSolutionNode = FALSE
	EndGlobalSection
	GlobalSection(ExtensibilityGlobals) = postSolution
		SolutionGuid = {78B9848E-8277-48D3-8857-D0EA396F0C5D}
	EndGlobalSection
EndGlobal
